
Microsoft Visual Studio Solution File, Format Version 12.00
Project("{FAE04EC0-301F-11D3-BF4B-00C04F79EFBC}") = "DepotDownloader.Lib", "src\DepotDownloader.Lib.csproj", "{C82BD954-5531-4436-8938-A339E49883CE}"
EndProject
Project("{FAE04EC0-301F-11D3-BF4B-00C04F79EFBC}") = "DepotDonwloader.Lib.Tests", "tests\DepotDonwloader.Lib.Tests.csproj", "{FB1A064A-6855-46FE-B3A0-36343BA84A78}"
EndProject
Global
	GlobalSection(SolutionConfigurationPlatforms) = preSolution
		Debug|Any CPU = Debug|Any CPU
		Release|Any CPU = Release|Any CPU
	EndGlobalSection
	GlobalSection(ProjectConfigurationPlatforms) = postSolution
		{C82BD954-5531-4436-8938-A339E49883CE}.Debug|Any CPU.ActiveCfg = Debug|Any CPU
		{C82BD954-5531-4436-8938-A339E49883CE}.Debug|Any CPU.Build.0 = Debug|Any CPU
		{C82BD954-5531-4436-8938-A339E49883CE}.Release|Any CPU.ActiveCfg = Release|Any CPU
		{C82BD954-5531-4436-8938-A339E49883CE}.Release|Any CPU.Build.0 = Release|Any CPU
		{FB1A064A-6855-46FE-B3A0-36343BA84A78}.Debug|Any CPU.ActiveCfg = Debug|Any CPU
		{FB1A064A-6855-46FE-B3A0-36343BA84A78}.Debug|Any CPU.Build.0 = Debug|Any CPU
		{FB1A064A-6855-46FE-B3A0-36343BA84A78}.Release|Any CPU.ActiveCfg = Release|Any CPU
		{FB1A064A-6855-46FE-B3A0-36343BA84A78}.Release|Any CPU.Build.0 = Release|Any CPU
	EndGlobalSection
EndGlobal
